
Microsoft Visual Studio Solution File, Format Version 12.00
# Visual Studio Version 16
VisualStudioVersion = 16.0.29306.81
MinimumVisualStudioVersion = 10.0.40219.1
Project("{2150E333-8FDC-42A3-9474-1A3956D46DE8}") = "Services", "Services", "{F6C1E339-5400-489F-99D0-58FA0805A058}"
EndProject
Project("{9A19103F-16F7-4668-BE54-9A1E7A4F7556}") = "ProductAPI", "Product.API\ProductAPI.csproj", "{62DE2468-7118-48FE-9C0E-EFDFEDED74D0}"
EndProject
Project("{2150E333-8FDC-42A3-9474-1A3956D46DE8}") = "WebHost", "WebHost", "{60DE4FE8-33BE-485C-92C9-18D80C65D7E5}"
EndProject
Project("{9A19103F-16F7-4668-BE54-9A1E7A4F7556}") = "ECom.WebHost.Customization", "WebHost.Customization\ECom.WebHost.Customization.csproj", "{235A2194-2806-4C09-9CEC-911A6DB715D1}"
EndProject
Project("{E53339B2-1760-4266-BCC7-CA923CBCF16C}") = "docker-compose", "docker-compose.dcproj", "{2BBFC7F2-9E14-4737-BA9F-9660EAED6C05}"
EndProject
Project("{9A19103F-16F7-4668-BE54-9A1E7A4F7556}") = "testWebApi", "testWebApi\testWebApi.csproj", "{15625CFE-A944-40A5-914B-3F1117D201AE}"
EndProject
Project("{9A19103F-16F7-4668-BE54-9A1E7A4F7556}") = "AmCart.IdentityServer", "AmCart.IdentityServer\AmCart.IdentityServer.csproj", "{3AE875FA-0729-4FF4-BEB6-6B81BA18FEA6}"
EndProject
Global
	GlobalSection(SolutionConfigurationPlatforms) = preSolution
		Debug|Any CPU = Debug|Any CPU
		Release|Any CPU = Release|Any CPU
	EndGlobalSection
	GlobalSection(ProjectConfigurationPlatforms) = postSolution
		{62DE2468-7118-48FE-9C0E-EFDFEDED74D0}.Debug|Any CPU.ActiveCfg = Debug|Any CPU
		{62DE2468-7118-48FE-9C0E-EFDFEDED74D0}.Debug|Any CPU.Build.0 = Debug|Any CPU
		{62DE2468-7118-48FE-9C0E-EFDFEDED74D0}.Release|Any CPU.ActiveCfg = Release|Any CPU
		{62DE2468-7118-48FE-9C0E-EFDFEDED74D0}.Release|Any CPU.Build.0 = Release|Any CPU
		{235A2194-2806-4C09-9CEC-911A6DB715D1}.Debug|Any CPU.ActiveCfg = Debug|Any CPU
		{235A2194-2806-4C09-9CEC-911A6DB715D1}.Debug|Any CPU.Build.0 = Debug|Any CPU
		{235A2194-2806-4C09-9CEC-911A6DB715D1}.Release|Any CPU.ActiveCfg = Release|Any CPU
		{235A2194-2806-4C09-9CEC-911A6DB715D1}.Release|Any CPU.Build.0 = Release|Any CPU
		{2BBFC7F2-9E14-4737-BA9F-9660EAED6C05}.Debug|Any CPU.ActiveCfg = Debug|Any CPU
		{2BBFC7F2-9E14-4737-BA9F-9660EAED6C05}.Debug|Any CPU.Build.0 = Debug|Any CPU
		{2BBFC7F2-9E14-4737-BA9F-9660EAED6C05}.Release|Any CPU.ActiveCfg = Release|Any CPU
		{2BBFC7F2-9E14-4737-BA9F-9660EAED6C05}.Release|Any CPU.Build.0 = Release|Any CPU
		{15625CFE-A944-40A5-914B-3F1117D201AE}.Debug|Any CPU.ActiveCfg = Debug|Any CPU
		{15625CFE-A944-40A5-914B-3F1117D201AE}.Debug|Any CPU.Build.0 = Debug|Any CPU
		{15625CFE-A944-40A5-914B-3F1117D201AE}.Release|Any CPU.ActiveCfg = Release|Any CPU
		{15625CFE-A944-40A5-914B-3F1117D201AE}.Release|Any CPU.Build.0 = Release|Any CPU
		{3AE875FA-0729-4FF4-BEB6-6B81BA18FEA6}.Debug|Any CPU.ActiveCfg = Debug|Any CPU
		{3AE875FA-0729-4FF4-BEB6-6B81BA18FEA6}.Debug|Any CPU.Build.0 = Debug|Any CPU
		{3AE875FA-0729-4FF4-BEB6-6B81BA18FEA6}.Release|Any CPU.ActiveCfg = Release|Any CPU
		{3AE875FA-0729-4FF4-BEB6-6B81BA18FEA6}.Release|Any CPU.Build.0 = Release|Any CPU
	EndGlobalSection
	GlobalSection(SolutionProperties) = preSolution
		HideSolutionNode = FALSE
	EndGlobalSection
	GlobalSection(NestedProjects) = preSolution
		{62DE2468-7118-48FE-9C0E-EFDFEDED74D0} = {F6C1E339-5400-489F-99D0-58FA0805A058}
		{235A2194-2806-4C09-9CEC-911A6DB715D1} = {60DE4FE8-33BE-485C-92C9-18D80C65D7E5}
		{15625CFE-A944-40A5-914B-3F1117D201AE} = {F6C1E339-5400-489F-99D0-58FA0805A058}
		{3AE875FA-0729-4FF4-BEB6-6B81BA18FEA6} = {F6C1E339-5400-489F-99D0-58FA0805A058}
	EndGlobalSection
	GlobalSection(ExtensibilityGlobals) = postSolution
		SolutionGuid = {DF73991B-8E14-4712-81FF-D4620A67A410}
	EndGlobalSection
EndGlobal
